{
  "name": "webidl-gen",
  "version": "1.0.0",
  "lockfileVersion": 3,
  "requires": true,
  "packages": {
    "": {
      "name": "webidl-gen",
      "version": "1.0.0",
      "license": "ISC",
      "dependencies": {
        "@mdn/browser-compat-data": "^6.0.0",
        "@webref/css": "^8.7.0",
        "@webref/idl": "^3.81.3",
        "webidl2": "^24.5.0"
      }
    },
    "node_modules/@mdn/browser-compat-data": {
      "version": "6.1.5",
      "resolved": "https://registry.npmjs.org/@mdn/browser-compat-data/-/browser-compat-data-6.1.5.tgz",
      "integrity": "sha512-PzdZZzRhcXvKB0begee28n5lvwAcinGKYuLZOVxHAZm+n7y01ddEGfdS1ZXRuVcV+ndG6mSEAE8vgudom5UjYg==",
      "license": "CC0-1.0"
    },
    "node_modules/@webref/css": {
      "version": "8.7.0",
      "resolved": "https://registry.npmjs.org/@webref/css/-/css-8.7.0.tgz",
      "integrity": "sha512-4wWoH0kgFgEMG1ZDD/rPv8UpYJ326YcN8hTcU7T6i5u6AqnQsEmGxMHCKeABQXY8WjiXdGcG8NA8PQAsv3yVFA==",
      "license": "MIT",
      "peerDependencies": {
        "css-tree": "^3.2.1"
      }
    },
    "node_modules/@webref/idl": {
      "version": "3.81.3",
      "resolved": "https://registry.npmjs.org/@webref/idl/-/idl-3.81.3.tgz",
      "integrity": "sha512-yOdBQBNkJbZ3nqKTLJg7cgO3O7uan3mvPWuXt5OMCUnfqDC6tol6HOzSggCrntsRAOz5IVZ6V52NR0Lk9cHofw==",
      "license": "MIT",
      "peerDependencies": {
        "webidl2": "^24.5.0"
      }
    },
    "node_modules/css-tree": {
      "version": "3.2.1",
      "resolved": "https://registry.npmjs.org/css-tree/-/css-tree-3.2.1.tgz",
      "integrity": "sha512-X7sjQzceUhu1u7Y/ylrRZFU2FS6LRiFVp6rKLPg23y3x3c3DOKAwuXGDp+PAGjh6CSnCjYeAul8pcT8bAl+lSA==",
      "license": "MIT",
      "peer": true,
      "dependencies": {
        "mdn-data": "2.27.1",
        "source-map-js": "^1.2.1"
      },
      "engines": {
        "node": "^10 || ^12.20.0 || ^14.13.0 || >=15.0.0"
      }
    },
    "node_modules/mdn-data": {
      "version": "2.27.1",
      "resolved": "https://registry.npmjs.org/mdn-data/-/mdn-data-2.27.1.tgz",
      "integrity": "sha512-9Yubnt3e8A0OKwxYSXyhLymGW4sCufcLG6VdiDdUGVkPhpqLxlvP5vl1983gQjJl3tqbrM731mjaZaP68AgosQ==",
      "license": "CC0-1.0",
      "peer": true
    },
    "node_modules/source-map-js": {
      "version": "1.2.1",
      "resolved": "https://registry.npmjs.org/source-map-js/-/source-map-js-1.2.1.tgz",
      "integrity": "sha512-UXWMKhLOwVKb728IUtQPXxfYU+usdybtUrK/8uGE8CQMvrhOpwvzDBwj0QhSL7MQc7vIsISBG8VQ8+IDQxpfQA==",
      "license": "BSD-3-Clause",
      "peer": true,
      "engines": {
        "node": ">=0.10.0"
      }
    },
    "node_modules/webidl2": {
      "version": "24.5.0",
      "resolved": "https://registry.npmjs.org/webidl2/-/webidl2-24.5.0.tgz",
      "integrity": "sha512-fxOigKkIem1iAgQ9t4cFOP+kWEA8y6Be/uh50FpJh0FijoeeT/VMrOyJzNLUgjy0rGMEcHeReKDCqj0g9dIe9A==",
      "license": "W3C",
      "engines": {
        "node": ">= 18"
      }
    }
  }
}
